
Microsoft Visual Studio Solution File, Format Version 12.00
# Visual Studio Version 16
VisualStudioVersion = 16.0.30107.140
MinimumVisualStudioVersion = 10.0.40219.1
Project("{A07B5EB6-E848-4116-A8D0-A826331D98C6}") = "ECommerce", "ECommerce\ECommerce.sfproj", "{3EE34CA3-25BB-4D3D-9EE4-B5C460818731}"
EndProject
Project("{FAE04EC0-301F-11D3-BF4B-00C04F79EFBC}") = "Ecommerce.ProductCatelog", "Ecommerce.ProductCatelog\Ecommerce.ProductCatelog.csproj", "{9426AC19-C4DD-4613-BB91-44C54B7BF911}"
EndProject
Project("{FAE04EC0-301F-11D3-BF4B-00C04F79EFBC}") = "Ecommerce.ProductCatelog.Model", "Ecommerce.ProductCatelog.Model\Ecommerce.ProductCatelog.Model.csproj", "{07F74E19-CF31-4B15-8732-0490A8FF9C43}"
EndProject
Global
	GlobalSection(SolutionConfigurationPlatforms) = preSolution
		Debug|Any CPU = Debug|Any CPU
		Debug|x64 = Debug|x64
		Release|Any CPU = Release|Any CPU
		Release|x64 = Release|x64
	EndGlobalSection
	GlobalSection(ProjectConfigurationPlatforms) = postSolution
		{3EE34CA3-25BB-4D3D-9EE4-B5C460818731}.Debug|Any CPU.ActiveCfg = Debug|x64
		{3EE34CA3-25BB-4D3D-9EE4-B5C460818731}.Debug|x64.ActiveCfg = Debug|x64
		{3EE34CA3-25BB-4D3D-9EE4-B5C460818731}.Debug|x64.Build.0 = Debug|x64
		{3EE34CA3-25BB-4D3D-9EE4-B5C460818731}.Debug|x64.Deploy.0 = Debug|x64
		{3EE34CA3-25BB-4D3D-9EE4-B5C460818731}.Release|Any CPU.ActiveCfg = Release|x64
		{3EE34CA3-25BB-4D3D-9EE4-B5C460818731}.Release|x64.ActiveCfg = Release|x64
		{3EE34CA3-25BB-4D3D-9EE4-B5C460818731}.Release|x64.Build.0 = Release|x64
		{3EE34CA3-25BB-4D3D-9EE4-B5C460818731}.Release|x64.Deploy.0 = Release|x64
		{9426AC19-C4DD-4613-BB91-44C54B7BF911}.Debug|Any CPU.ActiveCfg = Debug|Any CPU
		{9426AC19-C4DD-4613-BB91-44C54B7BF911}.Debug|Any CPU.Build.0 = Debug|Any CPU
		{9426AC19-C4DD-4613-BB91-44C54B7BF911}.Debug|x64.ActiveCfg = Debug|Any CPU
		{9426AC19-C4DD-4613-BB91-44C54B7BF911}.Debug|x64.Build.0 = Debug|Any CPU
		{9426AC19-C4DD-4613-BB91-44C54B7BF911}.Release|Any CPU.ActiveCfg = Release|Any CPU
		{9426AC19-C4DD-4613-BB91-44C54B7BF911}.Release|Any CPU.Build.0 = Release|Any CPU
		{9426AC19-C4DD-4613-BB91-44C54B7BF911}.Release|x64.ActiveCfg = Release|Any CPU
		{9426AC19-C4DD-4613-BB91-44C54B7BF911}.Release|x64.Build.0 = Release|Any CPU
		{07F74E19-CF31-4B15-8732-0490A8FF9C43}.Debug|Any CPU.ActiveCfg = Debug|Any CPU
		{07F74E19-CF31-4B15-8732-0490A8FF9C43}.Debug|Any CPU.Build.0 = Debug|Any CPU
		{07F74E19-CF31-4B15-8732-0490A8FF9C43}.Debug|x64.ActiveCfg = Debug|Any CPU
		{07F74E19-CF31-4B15-8732-0490A8FF9C43}.Debug|x64.Build.0 = Debug|Any CPU
		{07F74E19-CF31-4B15-8732-0490A8FF9C43}.Release|Any CPU.ActiveCfg = Release|Any CPU
		{07F74E19-CF31-4B15-8732-0490A8FF9C43}.Release|Any CPU.Build.0 = Release|Any CPU
		{07F74E19-CF31-4B15-8732-0490A8FF9C43}.Release|x64.ActiveCfg = Release|Any CPU
		{07F74E19-CF31-4B15-8732-0490A8FF9C43}.Release|x64.Build.0 = Release|Any CPU
	EndGlobalSection
	GlobalSection(SolutionProperties) = preSolution
		HideSolutionNode = FALSE
	EndGlobalSection
	GlobalSection(ExtensibilityGlobals) = postSolution
		SolutionGuid = {0B61D44E-34FC-4997-B5C3-033E3608A28C}
	EndGlobalSection
EndGlobal
